
Microsoft Visual Studio Solution File, Format Version 12.00
# Visual Studio 15
VisualStudioVersion = 15.0.26730.15
MinimumVisualStudioVersion = 10.0.40219.1
Project("{FAE04EC0-301F-11D3-BF4B-00C04F79EFBC}") = "YazilimSinamaOdev2", "YazilimSinamaOdev2\YazilimSinamaOdev2.csproj", "{E79EB5BE-B27C-4F43-A8E3-62214B84E8BF}"
EndProject
Global
	GlobalSection(SolutionConfigurationPlatforms) = preSolution
		Debug|Any CPU = Debug|Any CPU
		Release|Any CPU = Release|Any CPU
	EndGlobalSection
	GlobalSection(ProjectConfigurationPlatforms) = postSolution
		{E79EB5BE-B27C-4F43-A8E3-62214B84E8BF}.Debug|Any CPU.ActiveCfg = Debug|Any CPU
		{E79EB5BE-B27C-4F43-A8E3-62214B84E8BF}.Debug|Any CPU.Build.0 = Debug|Any CPU
		{E79EB5BE-B27C-4F43-A8E3-62214B84E8BF}.Release|Any CPU.ActiveCfg = Release|Any CPU
		{E79EB5BE-B27C-4F43-A8E3-62214B84E8BF}.Release|Any CPU.Build.0 = Release|Any CPU
	EndGlobalSection
	GlobalSection(SolutionProperties) = preSolution
		HideSolutionNode = FALSE
	EndGlobalSection
	GlobalSection(ExtensibilityGlobals) = postSolution
		SolutionGuid = {169C984E-0D3D-4FB3-BFB3-B3D5CD44E6DA}
	EndGlobalSection
EndGlobal
